
Microsoft Visual Studio Solution File, Format Version 12.00
# Visual Studio 14
VisualStudioVersion = 14.0.23107.0
MinimumVisualStudioVersion = 10.0.40219.1
Project("{FAE04EC0-301F-11D3-BF4B-00C04F79EFBC}") = "DataStructures", "DataStructures\DataStructures.csproj", "{5CFD4E35-BA4E-425C-9D01-A62882C2AF4E}"
EndProject
Project("{FAE04EC0-301F-11D3-BF4B-00C04F79EFBC}") = "DataStructures.Tests", "DataStructures.Tests\DataStructures.Tests.csproj", "{641D0CE8-09E8-4310-AFB0-D16B61582E29}"
EndProject
Global
	GlobalSection(SolutionConfigurationPlatforms) = preSolution
		Debug|Any CPU = Debug|Any CPU
		Release|Any CPU = Release|Any CPU
	EndGlobalSection
	GlobalSection(ProjectConfigurationPlatforms) = postSolution
		{5CFD4E35-BA4E-425C-9D01-A62882C2AF4E}.Debug|Any CPU.ActiveCfg = Debug|Any CPU
		{5CFD4E35-BA4E-425C-9D01-A62882C2AF4E}.Debug|Any CPU.Build.0 = Debug|Any CPU
		{5CFD4E35-BA4E-425C-9D01-A62882C2AF4E}.Release|Any CPU.ActiveCfg = Release|Any CPU
		{5CFD4E35-BA4E-425C-9D01-A62882C2AF4E}.Release|Any CPU.Build.0 = Release|Any CPU
		{641D0CE8-09E8-4310-AFB0-D16B61582E29}.Debug|Any CPU.ActiveCfg = Debug|Any CPU
		{641D0CE8-09E8-4310-AFB0-D16B61582E29}.Debug|Any CPU.Build.0 = Debug|Any CPU
		{641D0CE8-09E8-4310-AFB0-D16B61582E29}.Release|Any CPU.ActiveCfg = Release|Any CPU
		{641D0CE8-09E8-4310-AFB0-D16B61582E29}.Release|Any CPU.Build.0 = Release|Any CPU
	EndGlobalSection
	GlobalSection(SolutionProperties) = preSolution
		HideSolutionNode = FALSE
	EndGlobalSection
EndGlobal
